
Microsoft Visual Studio Solution File, Format Version 12.00
# Visual Studio Version 16
VisualStudioVersion = 16.0.29020.237
MinimumVisualStudioVersion = 10.0.40219.1
Project("{9A19103F-16F7-4668-BE54-9A1E7A4F7556}") = "Gurux.DLMS.AMI", "Gurux.DLMS.AMI.csproj", "{ACB026B5-4C06-448D-88BE-EBB8CBBCC7BF}"
EndProject
Global
	GlobalSection(SolutionConfigurationPlatforms) = preSolution
		Debug|Any CPU = Debug|Any CPU
		Release|Any CPU = Release|Any CPU
	EndGlobalSection
	GlobalSection(ProjectConfigurationPlatforms) = postSolution
		{ACB026B5-4C06-448D-88BE-EBB8CBBCC7BF}.Debug|Any CPU.ActiveCfg = Debug|Any CPU
		{ACB026B5-4C06-448D-88BE-EBB8CBBCC7BF}.Debug|Any CPU.Build.0 = Debug|Any CPU
		{ACB026B5-4C06-448D-88BE-EBB8CBBCC7BF}.Release|Any CPU.ActiveCfg = Release|Any CPU
		{ACB026B5-4C06-448D-88BE-EBB8CBBCC7BF}.Release|Any CPU.Build.0 = Release|Any CPU
	EndGlobalSection
	GlobalSection(SolutionProperties) = preSolution
		HideSolutionNode = FALSE
	EndGlobalSection
	GlobalSection(ExtensibilityGlobals) = postSolution
		SolutionGuid = {3EA76D7A-52A8-4421-BBE2-1CCEF3C7C16A}
	EndGlobalSection
EndGlobal
