
Microsoft Visual Studio Solution File, Format Version 12.00
# Visual Studio Version 16
VisualStudioVersion = 16.0.29230.47
MinimumVisualStudioVersion = 10.0.40219.1
Project("{9A19103F-16F7-4668-BE54-9A1E7A4F7556}") = "Gurux.DLMS.AMI.UI", "Gurux.DLMS.AMI.UI.csproj", "{AB26A381-EFBE-4935-BE91-08B6B242EEAC}"
EndProject
Global
	GlobalSection(SolutionConfigurationPlatforms) = preSolution
		Debug|Any CPU = Debug|Any CPU
		Release|Any CPU = Release|Any CPU
	EndGlobalSection
	GlobalSection(ProjectConfigurationPlatforms) = postSolution
		{AB26A381-EFBE-4935-BE91-08B6B242EEAC}.Debug|Any CPU.ActiveCfg = Debug|Any CPU
		{AB26A381-EFBE-4935-BE91-08B6B242EEAC}.Debug|Any CPU.Build.0 = Debug|Any CPU
		{AB26A381-EFBE-4935-BE91-08B6B242EEAC}.Release|Any CPU.ActiveCfg = Release|Any CPU
		{AB26A381-EFBE-4935-BE91-08B6B242EEAC}.Release|Any CPU.Build.0 = Release|Any CPU
	EndGlobalSection
	GlobalSection(SolutionProperties) = preSolution
		HideSolutionNode = FALSE
	EndGlobalSection
	GlobalSection(ExtensibilityGlobals) = postSolution
		SolutionGuid = {B3A756CB-3D3D-4424-87FE-79E9759E5794}
	EndGlobalSection
EndGlobal
